// !$*UTF8*$!
{
	archiveVersion = 1;
	classes = {
	};
	objectVersion = 55;
	objects = {

/* Begin PBXBuildFile section */
		9DC3629F2902873B00C24A5B /* SignUpViewController.swift in Sources */ = {isa = PBXBuildFile; fileRef = 9DC3629E2902873B00C24A5B /* SignUpViewController.swift */; };
		9DC362A12902876700C24A5B /* AlbumsViewController.swift in Sources */ = {isa = PBXBuildFile; fileRef = 9DC362A02902876700C24A5B /* AlbumsViewController.swift */; };
		9DC362A32902877B00C24A5B /* DetailAlbumViewController.swift in Sources */ = {isa = PBXBuildFile; fileRef = 9DC362A22902877B00C24A5B /* DetailAlbumViewController.swift */; };
		9DC362A52902878A00C24A5B /* UserInfoViewController.swift in Sources */ = {isa = PBXBuildFile; fileRef = 9DC362A42902878A00C24A5B /* UserInfoViewController.swift */; };
		9DC362AA2902960600C24A5B /* UIStackView + Extension.swift in Sources */ = {isa = PBXBuildFile; fileRef = 9DC362A92902960600C24A5B /* UIStackView + Extension.swift */; };
		9DEE37BD290193A2002B26B7 /* AppDelegate.swift in Sources */ = {isa = PBXBuildFile; fileRef = 9DEE37BC290193A2002B26B7 /* AppDelegate.swift */; };
		9DEE37BF290193A2002B26B7 /* SceneDelegate.swift in Sources */ = {isa = PBXBuildFile; fileRef = 9DEE37BE290193A2002B26B7 /* SceneDelegate.swift */; };
		9DEE37C1290193A2002B26B7 /* AuthViewController.swift in Sources */ = {isa = PBXBuildFile; fileRef = 9DEE37C0290193A2002B26B7 /* AuthViewController.swift */; };
		9DEE37C6290193A3002B26B7 /* Assets.xcassets in Resources */ = {isa = PBXBuildFile; fileRef = 9DEE37C5290193A3002B26B7 /* Assets.xcassets */; };
		9DEE37C9290193A3002B26B7 /* LaunchScreen.storyboard in Resources */ = {isa = PBXBuildFile; fileRef = 9DEE37C7290193A3002B26B7 /* LaunchScreen.storyboard */; };
		9DEE37D4290193A3002B26B7 /* Music_LibraryTests.swift in Sources */ = {isa = PBXBuildFile; fileRef = 9DEE37D3290193A3002B26B7 /* Music_LibraryTests.swift */; };
		9DEE37DE290193A3002B26B7 /* Music_LibraryUITests.swift in Sources */ = {isa = PBXBuildFile; fileRef = 9DEE37DD290193A3002B26B7 /* Music_LibraryUITests.swift */; };
		9DEE37E0290193A3002B26B7 /* Music_LibraryUITestsLaunchTests.swift in Sources */ = {isa = PBXBuildFile; fileRef = 9DEE37DF290193A3002B26B7 /* Music_LibraryUITestsLaunchTests.swift */; };
/* End PBXBuildFile section */

/* Begin PBXContainerItemProxy section */
		9DEE37D0290193A3002B26B7 /* PBXContainerItemProxy */ = {
			isa = PBXContainerItemProxy;
			containerPortal = 9DEE37B1290193A2002B26B7 /* Project object */;
			proxyType = 1;
			remoteGlobalIDString = 9DEE37B8290193A2002B26B7;
			remoteInfo = "Music Library";
		};
		9DEE37DA290193A3002B26B7 /* PBXContainerItemProxy */ = {
			isa = PBXContainerItemProxy;
			containerPortal = 9DEE37B1290193A2002B26B7 /* Project object */;
			proxyType = 1;
			remoteGlobalIDString = 9DEE37B8290193A2002B26B7;
			remoteInfo = "Music Library";
		};
/* End PBXContainerItemProxy section */

/* Begin PBXFileReference section */
		9DC3629E2902873B00C24A5B /* SignUpViewController.swift */ = {isa = PBXFileReference; lastKnownFileType = sourcecode.swift; path = SignUpViewController.swift; sourceTree = "<group>"; };
		9DC362A02902876700C24A5B /* AlbumsViewController.swift */ = {isa = PBXFileReference; lastKnownFileType = sourcecode.swift; path = AlbumsViewController.swift; sourceTree = "<group>"; };
		9DC362A22902877B00C24A5B /* DetailAlbumViewController.swift */ = {isa = PBXFileReference; lastKnownFileType = sourcecode.swift; path = DetailAlbumViewController.swift; sourceTree = "<group>"; };
		9DC362A42902878A00C24A5B /* UserInfoViewController.swift */ = {isa = PBXFileReference; lastKnownFileType = sourcecode.swift; path = UserInfoViewController.swift; sourceTree = "<group>"; };
		9DC362A92902960600C24A5B /* UIStackView + Extension.swift */ = {isa = PBXFileReference; lastKnownFileType = sourcecode.swift; path = "UIStackView + Extension.swift"; sourceTree = "<group>"; };
		9DEE37B9290193A2002B26B7 /* Music Library.app */ = {isa = PBXFileReference; explicitFileType = wrapper.application; includeInIndex = 0; path = "Music Library.app"; sourceTree = BUILT_PRODUCTS_DIR; };
		9DEE37BC290193A2002B26B7 /* AppDelegate.swift */ = {isa = PBXFileReference; lastKnownFileType = sourcecode.swift; path = AppDelegate.swift; sourceTree = "<group>"; };
		9DEE37BE290193A2002B26B7 /* SceneDelegate.swift */ = {isa = PBXFileReference; lastKnownFileType = sourcecode.swift; path = SceneDelegate.swift; sourceTree = "<group>"; };
		9DEE37C0290193A2002B26B7 /* AuthViewController.swift */ = {isa = PBXFileReference; lastKnownFileType = sourcecode.swift; path = AuthViewController.swift; sourceTree = "<group>"; };
		9DEE37C5290193A3002B26B7 /* Assets.xcassets */ = {isa = PBXFileReference; lastKnownFileType = folder.assetcatalog; path = Assets.xcassets; sourceTree = "<group>"; };
		9DEE37C8290193A3002B26B7 /* Base */ = {isa = PBXFileReference; lastKnownFileType = file.storyboard; name = Base; path = Base.lproj/LaunchScreen.storyboard; sourceTree = "<group>"; };
		9DEE37CA290193A3002B26B7 /* Info.plist */ = {isa = PBXFileReference; lastKnownFileType = text.plist.xml; path = Info.plist; sourceTree = "<group>"; };
		9DEE37CF290193A3002B26B7 /* Music LibraryTests.xctest */ = {isa = PBXFileReference; explicitFileType = wrapper.cfbundle; includeInIndex = 0; path = "Music LibraryTests.xctest"; sourceTree = BUILT_PRODUCTS_DIR; };
		9DEE37D3290193A3002B26B7 /* Music_LibraryTests.swift */ = {isa = PBXFileReference; lastKnownFileType = sourcecode.swift; path = Music_LibraryTests.swift; sourceTree = "<group>"; };
		9DEE37D9290193A3002B26B7 /* Music LibraryUITests.xctest */ = {isa = PBXFileReference; explicitFileType = wrapper.cfbundle; includeInIndex = 0; path = "Music LibraryUITests.xctest"; sourceTree = BUILT_PRODUCTS_DIR; };
		9DEE37DD290193A3002B26B7 /* Music_LibraryUITests.swift */ = {isa = PBXFileReference; lastKnownFileType = sourcecode.swift; path = Music_LibraryUITests.swift; sourceTree = "<group>"; };
		9DEE37DF290193A3002B26B7 /* Music_LibraryUITestsLaunchTests.swift */ = {isa = PBXFileReference; lastKnownFileType = sourcecode.swift; path = Music_LibraryUITestsLaunchTests.swift; sourceTree = "<group>"; };
/* End PBXFileReference section */

/* Begin PBXFrameworksBuildPhase section */
		9DEE37B6290193A2002B26B7 /* Frameworks */ = {
			isa = PBXFrameworksBuildPhase;
			buildActionMask = 2147483647;
			files = (
			);
			runOnlyForDeploymentPostprocessing = 0;
		};
		9DEE37CC290193A3002B26B7 /* Frameworks */ = {
			isa = PBXFrameworksBuildPhase;
			buildActionMask = 2147483647;
			files = (
			);
			runOnlyForDeploymentPostprocessing = 0;
		};
		9DEE37D6290193A3002B26B7 /* Frameworks */ = {
			isa = PBXFrameworksBuildPhase;
			buildActionMask = 2147483647;
			files = (
			);
			runOnlyForDeploymentPostprocessing = 0;
		};
/* End PBXFrameworksBuildPhase section */

/* Begin PBXGroup section */
		9DC3629C2902845500C24A5B /* Delegates */ = {
			isa = PBXGroup;
			children = (
				9DEE37BC290193A2002B26B7 /* AppDelegate.swift */,
				9DEE37BE290193A2002B26B7 /* SceneDelegate.swift */,
			);
			path = Delegates;
			sourceTree = "<group>";
		};
		9DC3629D290286D800C24A5B /* Controllers */ = {
			isa = PBXGroup;
			children = (
				9DC362A62902879000C24A5B /* Cells */,
				9DEE37C0290193A2002B26B7 /* AuthViewController.swift */,
				9DC3629E2902873B00C24A5B /* SignUpViewController.swift */,
				9DC362A02902876700C24A5B /* AlbumsViewController.swift */,
				9DC362A22902877B00C24A5B /* DetailAlbumViewController.swift */,
				9DC362A42902878A00C24A5B /* UserInfoViewController.swift */,
			);
			path = Controllers;
			sourceTree = "<group>";
		};
		9DC362A62902879000C24A5B /* Cells */ = {
			isa = PBXGroup;
			children = (
			);
			path = Cells;
			sourceTree = "<group>";
		};
		9DC362A7290295BC00C24A5B /* Extensions */ = {
			isa = PBXGroup;
			children = (
				9DC362A8290295CE00C24A5B /* UIKit */,
			);
			path = Extensions;
			sourceTree = "<group>";
		};
		9DC362A8290295CE00C24A5B /* UIKit */ = {
			isa = PBXGroup;
			children = (
				9DC362A92902960600C24A5B /* UIStackView + Extension.swift */,
			);
			path = UIKit;
			sourceTree = "<group>";
		};
		9DEE37B0290193A2002B26B7 = {
			isa = PBXGroup;
			children = (
				9DEE37BB290193A2002B26B7 /* Music Library */,
				9DEE37D2290193A3002B26B7 /* Music LibraryTests */,
				9DEE37DC290193A3002B26B7 /* Music LibraryUITests */,
				9DEE37BA290193A2002B26B7 /* Products */,
			);
			sourceTree = "<group>";
		};
		9DEE37BA290193A2002B26B7 /* Products */ = {
			isa = PBXGroup;
			children = (
				9DEE37B9290193A2002B26B7 /* Music Library.app */,
				9DEE37CF290193A3002B26B7 /* Music LibraryTests.xctest */,
				9DEE37D9290193A3002B26B7 /* Music LibraryUITests.xctest */,
			);
			name = Products;
			sourceTree = "<group>";
		};
		9DEE37BB290193A2002B26B7 /* Music Library */ = {
			isa = PBXGroup;
			children = (
				9DC362A7290295BC00C24A5B /* Extensions */,
				9DC3629D290286D800C24A5B /* Controllers */,
				9DC3629C2902845500C24A5B /* Delegates */,
				9DEE37C5290193A3002B26B7 /* Assets.xcassets */,
				9DEE37C7290193A3002B26B7 /* LaunchScreen.storyboard */,
				9DEE37CA290193A3002B26B7 /* Info.plist */,
			);
			path = "Music Library";
			sourceTree = "<group>";
		};
		9DEE37D2290193A3002B26B7 /* Music LibraryTests */ = {
			isa = PBXGroup;
			children = (
				9DEE37D3290193A3002B26B7 /* Music_LibraryTests.swift */,
			);
			path = "Music LibraryTests";
			sourceTree = "<group>";
		};
		9DEE37DC290193A3002B26B7 /* Music LibraryUITests */ = {
			isa = PBXGroup;
			children = (
				9DEE37DD290193A3002B26B7 /* Music_LibraryUITests.swift */,
				9DEE37DF290193A3002B26B7 /* Music_LibraryUITestsLaunchTests.swift */,
			);
			path = "Music LibraryUITests";
			sourceTree = "<group>";
		};
/* End PBXGroup section */

/* Begin PBXNativeTarget section */
		9DEE37B8290193A2002B26B7 /* Music Library */ = {
			isa = PBXNativeTarget;
			buildConfigurationList = 9DEE37E3290193A3002B26B7 /* Build configuration list for PBXNativeTarget "Music Library" */;
			buildPhases = (
				9DEE37B5290193A2002B26B7 /* Sources */,
				9DEE37B6290193A2002B26B7 /* Frameworks */,
				9DEE37B7290193A2002B26B7 /* Resources */,
			);
			buildRules = (
			);
			dependencies = (
			);
			name = "Music Library";
			productName = "Music Library";
			productReference = 9DEE37B9290193A2002B26B7 /* Music Library.app */;
			productType = "com.apple.product-type.application";
		};
		9DEE37CE290193A3002B26B7 /* Music LibraryTests */ = {
			isa = PBXNativeTarget;
			buildConfigurationList = 9DEE37E6290193A3002B26B7 /* Build configuration list for PBXNativeTarget "Music LibraryTests" */;
			buildPhases = (
				9DEE37CB290193A3002B26B7 /* Sources */,
				9DEE37CC290193A3002B26B7 /* Frameworks */,
				9DEE37CD290193A3002B26B7 /* Resources */,
			);
			buildRules = (
			);
			dependencies = (
				9DEE37D1290193A3002B26B7 /* PBXTargetDependency */,
			);
			name = "Music LibraryTests";
			productName = "Music LibraryTests";
			productReference = 9DEE37CF290193A3002B26B7 /* Music LibraryTests.xctest */;
			productType = "com.apple.product-type.bundle.unit-test";
		};
		9DEE37D8290193A3002B26B7 /* Music LibraryUITests */ = {
			isa = PBXNativeTarget;
			buildConfigurationList = 9DEE37E9290193A3002B26B7 /* Build configuration list for PBXNativeTarget "Music LibraryUITests" */;
			buildPhases = (
				9DEE37D5290193A3002B26B7 /* Sources */,
				9DEE37D6290193A3002B26B7 /* Frameworks */,
				9DEE37D7290193A3002B26B7 /* Resources */,
			);
			buildRules = (
			);
			dependencies = (
				9DEE37DB290193A3002B26B7 /* PBXTargetDependency */,
			);
			name = "Music LibraryUITests";
			productName = "Music LibraryUITests";
			productReference = 9DEE37D9290193A3002B26B7 /* Music LibraryUITests.xctest */;
			productType = "com.apple.product-type.bundle.ui-testing";
		};
/* End PBXNativeTarget section */

/* Begin PBXProject section */
		9DEE37B1290193A2002B26B7 /* Project object */ = {
			isa = PBXProject;
			attributes = {
				BuildIndependentTargetsInParallel = 1;
				LastSwiftUpdateCheck = 1320;
				LastUpgradeCheck = 1320;
				TargetAttributes = {
					9DEE37B8290193A2002B26B7 = {
						CreatedOnToolsVersion = 13.2.1;
					};
					9DEE37CE290193A3002B26B7 = {
						CreatedOnToolsVersion = 13.2.1;
						TestTargetID = 9DEE37B8290193A2002B26B7;
					};
					9DEE37D8290193A3002B26B7 = {
						CreatedOnToolsVersion = 13.2.1;
						TestTargetID = 9DEE37B8290193A2002B26B7;
					};
				};
			};
			buildConfigurationList = 9DEE37B4290193A2002B26B7 /* Build configuration list for PBXProject "Music Library" */;
			compatibilityVersion = "Xcode 13.0";
			developmentRegion = en;
			hasScannedForEncodings = 0;
			knownRegions = (
				en,
				Base,
			);
			mainGroup = 9DEE37B0290193A2002B26B7;
			productRefGroup = 9DEE37BA290193A2002B26B7 /* Products */;
			projectDirPath = "";
			projectRoot = "";
			targets = (
				9DEE37B8290193A2002B26B7 /* Music Library */,
				9DEE37CE290193A3002B26B7 /* Music LibraryTests */,
				9DEE37D8290193A3002B26B7 /* Music LibraryUITests */,
			);
		};
/* End PBXProject section */

/* Begin PBXResourcesBuildPhase section */
		9DEE37B7290193A2002B26B7 /* Resources */ = {
			isa = PBXResourcesBuildPhase;
			buildActionMask = 2147483647;
			files = (
				9DEE37C9290193A3002B26B7 /* LaunchScreen.storyboard in Resources */,
				9DEE37C6290193A3002B26B7 /* Assets.xcassets in Resources */,
			);
			runOnlyForDeploymentPostprocessing = 0;
		};
		9DEE37CD290193A3002B26B7 /* Resources */ = {
			isa = PBXResourcesBuildPhase;
			buildActionMask = 2147483647;
			files = (
			);
			runOnlyForDeploymentPostprocessing = 0;
		};
		9DEE37D7290193A3002B26B7 /* Resources */ = {
			isa = PBXResourcesBuildPhase;
			buildActionMask = 2147483647;
			files = (
			);
			runOnlyForDeploymentPostprocessing = 0;
		};
/* End PBXResourcesBuildPhase section */

/* Begin PBXSourcesBuildPhase section */
		9DEE37B5290193A2002B26B7 /* Sources */ = {
			isa = PBXSourcesBuildPhase;
			buildActionMask = 2147483647;
			files = (
				9DEE37C1290193A2002B26B7 /* AuthViewController.swift in Sources */,
				9DC362A52902878A00C24A5B /* UserInfoViewController.swift in Sources */,
				9DC362A32902877B00C24A5B /* DetailAlbumViewController.swift in Sources */,
				9DEE37BD290193A2002B26B7 /* AppDelegate.swift in Sources */,
				9DC3629F2902873B00C24A5B /* SignUpViewController.swift in Sources */,
				9DEE37BF290193A2002B26B7 /* SceneDelegate.swift in Sources */,
				9DC362A12902876700C24A5B /* AlbumsViewController.swift in Sources */,
				9DC362AA2902960600C24A5B /* UIStackView + Extension.swift in Sources */,
			);
			runOnlyForDeploymentPostprocessing = 0;
		};
		9DEE37CB290193A3002B26B7 /* Sources */ = {
			isa = PBXSourcesBuildPhase;
			buildActionMask = 2147483647;
			files = (
				9DEE37D4290193A3002B26B7 /* Music_LibraryTests.swift in Sources */,
			);
			runOnlyForDeploymentPostprocessing = 0;
		};
		9DEE37D5290193A3002B26B7 /* Sources */ = {
			isa = PBXSourcesBuildPhase;
			buildActionMask = 2147483647;
			files = (
				9DEE37E0290193A3002B26B7 /* Music_LibraryUITestsLaunchTests.swift in Sources */,
				9DEE37DE290193A3002B26B7 /* Music_LibraryUITests.swift in Sources */,
			);
			runOnlyForDeploymentPostprocessing = 0;
		};
/* End PBXSourcesBuildPhase section */

/* Begin PBXTargetDependency section */
		9DEE37D1290193A3002B26B7 /* PBXTargetDependency */ = {
			isa = PBXTargetDependency;
			target = 9DEE37B8290193A2002B26B7 /* Music Library */;
			targetProxy = 9DEE37D0290193A3002B26B7 /* PBXContainerItemProxy */;
		};
		9DEE37DB290193A3002B26B7 /* PBXTargetDependency */ = {
			isa = PBXTargetDependency;
			target = 9DEE37B8290193A2002B26B7 /* Music Library */;
			targetProxy = 9DEE37DA290193A3002B26B7 /* PBXContainerItemProxy */;
		};
/* End PBXTargetDependency section */

/* Begin PBXVariantGroup section */
		9DEE37C7290193A3002B26B7 /* LaunchScreen.storyboard */ = {
			isa = PBXVariantGroup;
			children = (
				9DEE37C8290193A3002B26B7 /* Base */,
			);
			name = LaunchScreen.storyboard;
			sourceTree = "<group>";
		};
/* End PBXVariantGroup section */

/* Begin XCBuildConfiguration section */
		9DEE37E1290193A3002B26B7 /* Debug */ = {
			isa = XCBuildConfiguration;
			buildSettings = {
				ALWAYS_SEARCH_USER_PATHS = NO;
				CLANG_ANALYZER_NONNULL = YES;
				CLANG_ANALYZER_NUMBER_OBJECT_CONVERSION = YES_AGGRESSIVE;
				CLANG_CXX_LANGUAGE_STANDARD = "gnu++17";
				CLANG_CXX_LIBRARY = "libc++";
				CLANG_ENABLE_MODULES = YES;
				CLANG_ENABLE_OBJC_ARC = YES;
				CLANG_ENABLE_OBJC_WEAK = YES;
				CLANG_WARN_BLOCK_CAPTURE_AUTORELEASING = YES;
				CLANG_WARN_BOOL_CONVERSION = YES;
				CLANG_WARN_COMMA = YES;
				CLANG_WARN_CONSTANT_CONVERSION = YES;
				CLANG_WARN_DEPRECATED_OBJC_IMPLEMENTATIONS = YES;
				CLANG_WARN_DIRECT_OBJC_ISA_USAGE = YES_ERROR;
				CLANG_WARN_DOCUMENTATION_COMMENTS = YES;
				CLANG_WARN_EMPTY_BODY = YES;
				CLANG_WARN_ENUM_CONVERSION = YES;
				CLANG_WARN_INFINITE_RECURSION = YES;
				CLANG_WARN_INT_CONVERSION = YES;
				CLANG_WARN_NON_LITERAL_NULL_CONVERSION = YES;
				CLANG_WARN_OBJC_IMPLICIT_RETAIN_SELF = YES;
				CLANG_WARN_OBJC_LITERAL_CONVERSION = YES;
				CLANG_WARN_OBJC_ROOT_CLASS = YES_ERROR;
				CLANG_WARN_QUOTED_INCLUDE_IN_FRAMEWORK_HEADER = YES;
				CLANG_WARN_RANGE_LOOP_ANALYSIS = YES;
				CLANG_WARN_STRICT_PROTOTYPES = YES;
				CLANG_WARN_SUSPICIOUS_MOVE = YES;
				CLANG_WARN_UNGUARDED_AVAILABILITY = YES_AGGRESSIVE;
				CLANG_WARN_UNREACHABLE_CODE = YES;
				CLANG_WARN__DUPLICATE_METHOD_MATCH = YES;
				COPY_PHASE_STRIP = NO;
				DEBUG_INFORMATION_FORMAT = dwarf;
				ENABLE_STRICT_OBJC_MSGSEND = YES;
				ENABLE_TESTABILITY = YES;
				GCC_C_LANGUAGE_STANDARD = gnu11;
				GCC_DYNAMIC_NO_PIC = NO;
				GCC_NO_COMMON_BLOCKS = YES;
				GCC_OPTIMIZATION_LEVEL = 0;
				GCC_PREPROCESSOR_DEFINITIONS = (
					"DEBUG=1",
					"$(inherited)",
				);
				GCC_WARN_64_TO_32_BIT_CONVERSION = YES;
				GCC_WARN_ABOUT_RETURN_TYPE = YES_ERROR;
				GCC_WARN_UNDECLARED_SELECTOR = YES;
				GCC_WARN_UNINITIALIZED_AUTOS = YES_AGGRESSIVE;
				GCC_WARN_UNUSED_FUNCTION = YES;
				GCC_WARN_UNUSED_VARIABLE = YES;
				IPHONEOS_DEPLOYMENT_TARGET = 15.2;
				MTL_ENABLE_DEBUG_INFO = INCLUDE_SOURCE;
				MTL_FAST_MATH = YES;
				ONLY_ACTIVE_ARCH = YES;
				SDKROOT = iphoneos;
				SWIFT_ACTIVE_COMPILATION_CONDITIONS = DEBUG;
				SWIFT_OPTIMIZATION_LEVEL = "-Onone";
			};
			name = Debug;
		};
		9DEE37E2290193A3002B26B7 /* Release */ = {
			isa = XCBuildConfiguration;
			buildSettings = {
				ALWAYS_SEARCH_USER_PATHS = NO;
				CLANG_ANALYZER_NONNULL = YES;
				CLANG_ANALYZER_NUMBER_OBJECT_CONVERSION = YES_AGGRESSIVE;
				CLANG_CXX_LANGUAGE_STANDARD = "gnu++17";
				CLANG_CXX_LIBRARY = "libc++";
				CLANG_ENABLE_MODULES = YES;
				CLANG_ENABLE_OBJC_ARC = YES;
				CLANG_ENABLE_OBJC_WEAK = YES;
				CLANG_WARN_BLOCK_CAPTURE_AUTORELEASING = YES;
				CLANG_WARN_BOOL_CONVERSION = YES;
				CLANG_WARN_COMMA = YES;
				CLANG_WARN_CONSTANT_CONVERSION = YES;
				CLANG_WARN_DEPRECATED_OBJC_IMPLEMENTATIONS = YES;
				CLANG_WARN_DIRECT_OBJC_ISA_USAGE = YES_ERROR;
				CLANG_WARN_DOCUMENTATION_COMMENTS = YES;
				CLANG_WARN_EMPTY_BODY = YES;
				CLANG_WARN_ENUM_CONVERSION = YES;
				CLANG_WARN_INFINITE_RECURSION = YES;
				CLANG_WARN_INT_CONVERSION = YES;
				CLANG_WARN_NON_LITERAL_NULL_CONVERSION = YES;
				CLANG_WARN_OBJC_IMPLICIT_RETAIN_SELF = YES;
				CLANG_WARN_OBJC_LITERAL_CONVERSION = YES;
				CLANG_WARN_OBJC_ROOT_CLASS = YES_ERROR;
				CLANG_WARN_QUOTED_INCLUDE_IN_FRAMEWORK_HEADER = YES;
				CLANG_WARN_RANGE_LOOP_ANALYSIS = YES;
				CLANG_WARN_STRICT_PROTOTYPES = YES;
				CLANG_WARN_SUSPICIOUS_MOVE = YES;
				CLANG_WARN_UNGUARDED_AVAILABILITY = YES_AGGRESSIVE;
				CLANG_WARN_UNREACHABLE_CODE = YES;
				CLANG_WARN__DUPLICATE_METHOD_MATCH = YES;
				COPY_PHASE_STRIP = NO;
				DEBUG_INFORMATION_FORMAT = "dwarf-with-dsym";
				ENABLE_NS_ASSERTIONS = NO;
				ENABLE_STRICT_OBJC_MSGSEND = YES;
				GCC_C_LANGUAGE_STANDARD = gnu11;
				GCC_NO_COMMON_BLOCKS = YES;
				GCC_WARN_64_TO_32_BIT_CONVERSION = YES;
				GCC_WARN_ABOUT_RETURN_TYPE = YES_ERROR;
				GCC_WARN_UNDECLARED_SELECTOR = YES;
				GCC_WARN_UNINITIALIZED_AUTOS = YES_AGGRESSIVE;
				GCC_WARN_UNUSED_FUNCTION = YES;
				GCC_WARN_UNUSED_VARIABLE = YES;
				IPHONEOS_DEPLOYMENT_TARGET = 15.2;
				MTL_ENABLE_DEBUG_INFO = NO;
				MTL_FAST_MATH = YES;
				SDKROOT = iphoneos;
				SWIFT_COMPILATION_MODE = wholemodule;
				SWIFT_OPTIMIZATION_LEVEL = "-O";
				VALIDATE_PRODUCT = YES;
			};
			name = Release;
		};
		9DEE37E4290193A3002B26B7 /* Debug */ = {
			isa = XCBuildConfiguration;
			buildSettings = {
				ASSETCATALOG_COMPILER_APPICON_NAME = AppIcon;
				ASSETCATALOG_COMPILER_GLOBAL_ACCENT_COLOR_NAME = AccentColor;
				CODE_SIGN_STYLE = Automatic;
				CURRENT_PROJECT_VERSION = 1;
				DEVELOPMENT_TEAM = 2TW9FS35C5;
				GENERATE_INFOPLIST_FILE = YES;
				INFOPLIST_FILE = "Music Library/Info.plist";
				INFOPLIST_KEY_UIApplicationSupportsIndirectInputEvents = YES;
				INFOPLIST_KEY_UILaunchStoryboardName = LaunchScreen;
				INFOPLIST_KEY_UISupportedInterfaceOrientations_iPad = "UIInterfaceOrientationPortrait UIInterfaceOrientationPortraitUpsideDown UIInterfaceOrientationLandscapeLeft UIInterfaceOrientationLandscapeRight";
				INFOPLIST_KEY_UISupportedInterfaceOrientations_iPhone = "UIInterfaceOrientationPortrait UIInterfaceOrientationLandscapeLeft UIInterfaceOrientationLandscapeRight";
				LD_RUNPATH_SEARCH_PATHS = (
					"$(inherited)",
					"@executable_path/Frameworks",
				);
				MARKETING_VERSION = 1.0;
				PRODUCT_BUNDLE_IDENTIFIER = "-.Music-Library";
				PRODUCT_NAME = "$(TARGET_NAME)";
				SWIFT_EMIT_LOC_STRINGS = YES;
				SWIFT_VERSION = 5.0;
				TARGETED_DEVICE_FAMILY = "1,2";
			};
			name = Debug;
		};
		9DEE37E5290193A3002B26B7 /* Release */ = {
			isa = XCBuildConfiguration;
			buildSettings = {
				ASSETCATALOG_COMPILER_APPICON_NAME = AppIcon;
				ASSETCATALOG_COMPILER_GLOBAL_ACCENT_COLOR_NAME = AccentColor;
				CODE_SIGN_STYLE = Automatic;
				CURRENT_PROJECT_VERSION = 1;
				DEVELOPMENT_TEAM = 2TW9FS35C5;
				GENERATE_INFOPLIST_FILE = YES;
				INFOPLIST_FILE = "Music Library/Info.plist";
				INFOPLIST_KEY_UIApplicationSupportsIndirectInputEvents = YES;
				INFOPLIST_KEY_UILaunchStoryboardName = LaunchScreen;
				INFOPLIST_KEY_UISupportedInterfaceOrientations_iPad = "UIInterfaceOrientationPortrait UIInterfaceOrientationPortraitUpsideDown UIInterfaceOrientationLandscapeLeft UIInterfaceOrientationLandscapeRight";
				INFOPLIST_KEY_UISupportedInterfaceOrientations_iPhone = "UIInterfaceOrientationPortrait UIInterfaceOrientationLandscapeLeft UIInterfaceOrientationLandscapeRight";
				LD_RUNPATH_SEARCH_PATHS = (
					"$(inherited)",
					"@executable_path/Frameworks",
				);
				MARKETING_VERSION = 1.0;
				PRODUCT_BUNDLE_IDENTIFIER = "-.Music-Library";
				PRODUCT_NAME = "$(TARGET_NAME)";
				SWIFT_EMIT_LOC_STRINGS = YES;
				SWIFT_VERSION = 5.0;
				TARGETED_DEVICE_FAMILY = "1,2";
			};
			name = Release;
		};
		9DEE37E7290193A3002B26B7 /* Debug */ = {
			isa = XCBuildConfiguration;
			buildSettings = {
				ALWAYS_EMBED_SWIFT_STANDARD_LIBRARIES = YES;
				BUNDLE_LOADER = "$(TEST_HOST)";
				CODE_SIGN_STYLE = Automatic;
				CURRENT_PROJECT_VERSION = 1;
				DEVELOPMENT_TEAM = 2TW9FS35C5;
				GENERATE_INFOPLIST_FILE = YES;
				IPHONEOS_DEPLOYMENT_TARGET = 15.2;
				MARKETING_VERSION = 1.0;
				PRODUCT_BUNDLE_IDENTIFIER = "-.Music-LibraryTests";
				PRODUCT_NAME = "$(TARGET_NAME)";
				SWIFT_EMIT_LOC_STRINGS = NO;
				SWIFT_VERSION = 5.0;
				TARGETED_DEVICE_FAMILY = "1,2";
				TEST_HOST = "$(BUILT_PRODUCTS_DIR)/Music Library.app/Music Library";
			};
			name = Debug;
		};
		9DEE37E8290193A3002B26B7 /* Release */ = {
			isa = XCBuildConfiguration;
			buildSettings = {
				ALWAYS_EMBED_SWIFT_STANDARD_LIBRARIES = YES;
				BUNDLE_LOADER = "$(TEST_HOST)";
				CODE_SIGN_STYLE = Automatic;
				CURRENT_PROJECT_VERSION = 1;
				DEVELOPMENT_TEAM = 2TW9FS35C5;
				GENERATE_INFOPLIST_FILE = YES;
				IPHONEOS_DEPLOYMENT_TARGET = 15.2;
				MARKETING_VERSION = 1.0;
				PRODUCT_BUNDLE_IDENTIFIER = "-.Music-LibraryTests";
				PRODUCT_NAME = "$(TARGET_NAME)";
				SWIFT_EMIT_LOC_STRINGS = NO;
				SWIFT_VERSION = 5.0;
				TARGETED_DEVICE_FAMILY = "1,2";
				TEST_HOST = "$(BUILT_PRODUCTS_DIR)/Music Library.app/Music Library";
			};
			name = Release;
		};
		9DEE37EA290193A3002B26B7 /* Debug */ = {
			isa = XCBuildConfiguration;
			buildSettings = {
				ALWAYS_EMBED_SWIFT_STANDARD_LIBRARIES = YES;
				CODE_SIGN_STYLE = Automatic;
				CURRENT_PROJECT_VERSION = 1;
				DEVELOPMENT_TEAM = 2TW9FS35C5;
				GENERATE_INFOPLIST_FILE = YES;
				MARKETING_VERSION = 1.0;
				PRODUCT_BUNDLE_IDENTIFIER = "-.Music-LibraryUITests";
				PRODUCT_NAME = "$(TARGET_NAME)";
				SWIFT_EMIT_LOC_STRINGS = NO;
				SWIFT_VERSION = 5.0;
				TARGETED_DEVICE_FAMILY = "1,2";
				TEST_TARGET_NAME = "Music Library";
			};
			name = Debug;
		};
		9DEE37EB290193A3002B26B7 /* Release */ = {
			isa = XCBuildConfiguration;
			buildSettings = {
				ALWAYS_EMBED_SWIFT_STANDARD_LIBRARIES = YES;
				CODE_SIGN_STYLE = Automatic;
				CURRENT_PROJECT_VERSION = 1;
				DEVELOPMENT_TEAM = 2TW9FS35C5;
				GENERATE_INFOPLIST_FILE = YES;
				MARKETING_VERSION = 1.0;
				PRODUCT_BUNDLE_IDENTIFIER = "-.Music-LibraryUITests";
				PRODUCT_NAME = "$(TARGET_NAME)";
				SWIFT_EMIT_LOC_STRINGS = NO;
				SWIFT_VERSION = 5.0;
				TARGETED_DEVICE_FAMILY = "1,2";
				TEST_TARGET_NAME = "Music Library";
			};
			name = Release;
		};
/* End XCBuildConfiguration section */

/* Begin XCConfigurationList section */
		9DEE37B4290193A2002B26B7 /* Build configuration list for PBXProject "Music Library" */ = {
			isa = XCConfigurationList;
			buildConfigurations = (
				9DEE37E1290193A3002B26B7 /* Debug */,
				9DEE37E2290193A3002B26B7 /* Release */,
			);
			defaultConfigurationIsVisible = 0;
			defaultConfigurationName = Release;
		};
		9DEE37E3290193A3002B26B7 /* Build configuration list for PBXNativeTarget "Music Library" */ = {
			isa = XCConfigurationList;
			buildConfigurations = (
				9DEE37E4290193A3002B26B7 /* Debug */,
				9DEE37E5290193A3002B26B7 /* Release */,
			);
			defaultConfigurationIsVisible = 0;
			defaultConfigurationName = Release;
		};
		9DEE37E6290193A3002B26B7 /* Build configuration list for PBXNativeTarget "Music LibraryTests" */ = {
			isa = XCConfigurationList;
			buildConfigurations = (
				9DEE37E7290193A3002B26B7 /* Debug */,
				9DEE37E8290193A3002B26B7 /* Release */,
			);
			defaultConfigurationIsVisible = 0;
			defaultConfigurationName = Release;
		};
		9DEE37E9290193A3002B26B7 /* Build configuration list for PBXNativeTarget "Music LibraryUITests" */ = {
			isa = XCConfigurationList;
			buildConfigurations = (
				9DEE37EA290193A3002B26B7 /* Debug */,
				9DEE37EB290193A3002B26B7 /* Release */,
			);
			defaultConfigurationIsVisible = 0;
			defaultConfigurationName = Release;
		};
/* End XCConfigurationList section */
	};
	rootObject = 9DEE37B1290193A2002B26B7 /* Project object */;
}
